
Microsoft Visual Studio Solution File, Format Version 12.00
# Visual Studio Version 16
VisualStudioVersion = 25.0.1706.1
MinimumVisualStudioVersion = 10.0.40219.1
Project("{FAE04EC0-301F-11D3-BF4B-00C04F79EFBC}") = "Excercise3", "Excercise3\Excercise3.csproj", "{CA4CD497-E1C0-451B-AFCE-2627D0F1B88D}"
EndProject
Global
	GlobalSection(SolutionConfigurationPlatforms) = preSolution
		Debug|Any CPU = Debug|Any CPU
		Release|Any CPU = Release|Any CPU
	EndGlobalSection
	GlobalSection(ProjectConfigurationPlatforms) = postSolution
		{CA4CD497-E1C0-451B-AFCE-2627D0F1B88D}.Debug|Any CPU.ActiveCfg = Debug|Any CPU
		{CA4CD497-E1C0-451B-AFCE-2627D0F1B88D}.Debug|Any CPU.Build.0 = Debug|Any CPU
		{CA4CD497-E1C0-451B-AFCE-2627D0F1B88D}.Release|Any CPU.ActiveCfg = Release|Any CPU
		{CA4CD497-E1C0-451B-AFCE-2627D0F1B88D}.Release|Any CPU.Build.0 = Release|Any CPU
	EndGlobalSection
	GlobalSection(SolutionProperties) = preSolution
		HideSolutionNode = FALSE
	EndGlobalSection
	GlobalSection(ExtensibilityGlobals) = postSolution
		SolutionGuid = {C61A6BD6-7093-415C-A5AE-D5DE89C6435E}
	EndGlobalSection
EndGlobal
